
Microsoft Visual Studio Solution File, Format Version 12.00
# Visual Studio Version 17
VisualStudioVersion = 17.2.32526.322
MinimumVisualStudioVersion = 10.0.40219.1
Project("{FAE04EC0-301F-11D3-BF4B-00C04F79EFBC}") = "PTSProjectLibrary", "PTSProjectLibrary.csproj", "{7DF3CADD-7633-4944-B36D-E0F197629F69}"
EndProject
Project("{FAE04EC0-301F-11D3-BF4B-00C04F79EFBC}") = "PTSWebService", "..\PTSWebService\PTSWebService.csproj", "{CF052DA8-40E3-4CFF-ADF5-CF4FCC89A60F}"
EndProject
Project("{FAE04EC0-301F-11D3-BF4B-00C04F79EFBC}") = "CustomerWebSite", "..\CustomerWebSite\CustomerWebSite.csproj", "{4F9B2661-A1B8-47E8-AA53-7171E631E4F5}"
EndProject
Global
	GlobalSection(SolutionConfigurationPlatforms) = preSolution
		Debug|Any CPU = Debug|Any CPU
		Release|Any CPU = Release|Any CPU
	EndGlobalSection
	GlobalSection(ProjectConfigurationPlatforms) = postSolution
		{7DF3CADD-7633-4944-B36D-E0F197629F69}.Debug|Any CPU.ActiveCfg = Debug|Any CPU
		{7DF3CADD-7633-4944-B36D-E0F197629F69}.Debug|Any CPU.Build.0 = Debug|Any CPU
		{7DF3CADD-7633-4944-B36D-E0F197629F69}.Release|Any CPU.ActiveCfg = Release|Any CPU
		{7DF3CADD-7633-4944-B36D-E0F197629F69}.Release|Any CPU.Build.0 = Release|Any CPU
		{CF052DA8-40E3-4CFF-ADF5-CF4FCC89A60F}.Debug|Any CPU.ActiveCfg = Debug|Any CPU
		{CF052DA8-40E3-4CFF-ADF5-CF4FCC89A60F}.Debug|Any CPU.Build.0 = Debug|Any CPU
		{CF052DA8-40E3-4CFF-ADF5-CF4FCC89A60F}.Release|Any CPU.ActiveCfg = Release|Any CPU
		{CF052DA8-40E3-4CFF-ADF5-CF4FCC89A60F}.Release|Any CPU.Build.0 = Release|Any CPU
		{4F9B2661-A1B8-47E8-AA53-7171E631E4F5}.Debug|Any CPU.ActiveCfg = Debug|Any CPU
		{4F9B2661-A1B8-47E8-AA53-7171E631E4F5}.Debug|Any CPU.Build.0 = Debug|Any CPU
		{4F9B2661-A1B8-47E8-AA53-7171E631E4F5}.Release|Any CPU.ActiveCfg = Release|Any CPU
		{4F9B2661-A1B8-47E8-AA53-7171E631E4F5}.Release|Any CPU.Build.0 = Release|Any CPU
	EndGlobalSection
	GlobalSection(SolutionProperties) = preSolution
		HideSolutionNode = FALSE
	EndGlobalSection
	GlobalSection(ExtensibilityGlobals) = postSolution
		SolutionGuid = {4F8A257B-BEFC-404A-96FE-92538D920181}
	EndGlobalSection
EndGlobal
